<?xml version="1.0" encoding="utf-8"?>
<Project ToolsVersion="4.0" xmlns="http://schemas.microsoft.com/developer/msbuild/2003">
  <ItemGroup>
    <Filter Include="소스 파일">
      <UniqueIdentifier>{4FC737F1-C7A5-4376-A066-2A32D752A2FF}</UniqueIdentifier>
      <Extensions>cpp;c;cc;cxx;c++;cppm;ixx;def;odl;idl;hpj;bat;asm;asmx</Extensions>
    </Filter>
    <Filter Include="헤더 파일">
      <UniqueIdentifier>{93995380-89BD-4b04-88EB-625FBE52EBFB}</UniqueIdentifier>
      <Extensions>h;hh;hpp;hxx;h++;hm;inl;inc;ipp;xsd</Extensions>
    </Filter>
    <Filter Include="헤더 파일\Chap1">
      <UniqueIdentifier>{4e6fdc04-7951-441d-a074-d2ed254d70a4}</UniqueIdentifier>
    </Filter>
    <Filter Include="Main">
      <UniqueIdentifier>{216e290b-b2b1-41e5-8823-0c38586c99c3}</UniqueIdentifier>
    </Filter>
    <Filter Include="헤더 파일\Chap2">
      <UniqueIdentifier>{13e33158-253a-4f57-86d1-ec475fdc6279}</UniqueIdentifier>
    </Filter>
    <Filter Include="헤더 파일\Chap3">
      <UniqueIdentifier>{28791eef-9614-4e63-a98c-560a237d71e4}</UniqueIdentifier>
    </Filter>
    <Filter Include="헤더 파일\Chap4">
      <UniqueIdentifier>{19b58101-633d-4cdb-8e82-29960e5753b3}</UniqueIdentifier>
    </Filter>
    <Filter Include="헤더 파일\Chap5">
      <UniqueIdentifier>{e3db003c-009f-4bdc-aba6-fdbe63eabc58}</UniqueIdentifier>
    </Filter>
    <Filter Include="헤더 파일\Chap7">
      <UniqueIdentifier>{b1b18d1b-f19c-450a-9502-ddc3cc195737}</UniqueIdentifier>
    </Filter>
    <Filter Include="헤더 파일\Chap8">
      <UniqueIdentifier>{8ab6c3b1-a391-4dc5-bb81-655853ea98b3}</UniqueIdentifier>
    </Filter>
    <Filter Include="헤더 파일\Chap10">
      <UniqueIdentifier>{fe05cb25-0fed-43b6-9b44-6337b6c6d671}</UniqueIdentifier>
    </Filter>
    <Filter Include="헤더 파일\Chap11">
      <UniqueIdentifier>{e69116e4-f4ac-47e8-b6d1-db1fe283502b}</UniqueIdentifier>
    </Filter>
    <Filter Include="헤더 파일\Chap12">
      <UniqueIdentifier>{85fac897-526f-4b68-bd02-42ec07c3a658}</UniqueIdentifier>
    </Filter>
    <Filter Include="헤더 파일\Chap13">
      <UniqueIdentifier>{39431f54-2e33-4937-a0fc-443534757b5f}</UniqueIdentifier>
    </Filter>
  </ItemGroup>
  <ItemGroup>
    <ClCompile Include="Test01_1.cpp">
      <Filter>소스 파일</Filter>
    </ClCompile>
    <ClCompile Include="Test01_2.cpp">
      <Filter>소스 파일</Filter>
    </ClCompile>
    <ClCompile Include="Test01_3.cpp">
      <Filter>소스 파일</Filter>
    </ClCompile>
    <ClCompile Include="열혈C++예제연습.cpp">
      <Filter>Main</Filter>
    </ClCompile>
    <ClCompile Include="Test02_1.cpp">
      <Filter>소스 파일</Filter>
    </ClCompile>
    <ClCompile Include="Test02_2.cpp">
      <Filter>소스 파일</Filter>
    </ClCompile>
    <ClCompile Include="Test02_3.cpp">
      <Filter>소스 파일</Filter>
    </ClCompile>
    <ClCompile Include="Test02_4.cpp">
      <Filter>소스 파일</Filter>
    </ClCompile>
    <ClCompile Include="Test03_1.cpp">
      <Filter>소스 파일</Filter>
    </ClCompile>
    <ClCompile Include="Test03_2.cpp">
      <Filter>소스 파일</Filter>
    </ClCompile>
    <ClCompile Include="Test04_2.cpp">
      <Filter>소스 파일</Filter>
    </ClCompile>
    <ClCompile Include="Test04_3.cpp">
      <Filter>소스 파일</Filter>
    </ClCompile>
    <ClCompile Include="Test05_1.cpp">
      <Filter>소스 파일</Filter>
    </ClCompile>
    <ClCompile Include="Test07_1.cpp">
      <Filter>소스 파일</Filter>
    </ClCompile>
    <ClCompile Include="Test07_2.cpp">
      <Filter>소스 파일</Filter>
    </ClCompile>
    <ClCompile Include="Test08_1.cpp">
      <Filter>소스 파일</Filter>
    </ClCompile>
    <ClCompile Include="Test10_1.cpp">
      <Filter>소스 파일</Filter>
    </ClCompile>
    <ClCompile Include="Test10_2.cpp">
      <Filter>소스 파일</Filter>
    </ClCompile>
    <ClCompile Include="Test11_1.cpp">
      <Filter>소스 파일</Filter>
    </ClCompile>
    <ClCompile Include="Test11_2.cpp">
      <Filter>소스 파일</Filter>
    </ClCompile>
    <ClCompile Include="String.cpp">
      <Filter>소스 파일</Filter>
    </ClCompile>
    <ClCompile Include="Test13_1.cpp">
      <Filter>소스 파일</Filter>
    </ClCompile>
    <ClCompile Include="Test13_2.cpp">
      <Filter>소스 파일</Filter>
    </ClCompile>
  </ItemGroup>
  <ItemGroup>
    <ClInclude Include="Test02_2.h">
      <Filter>헤더 파일\Chap2</Filter>
    </ClInclude>
    <ClInclude Include="Test02_1.h">
      <Filter>헤더 파일\Chap2</Filter>
    </ClInclude>
    <ClInclude Include="Test01_1.h">
      <Filter>헤더 파일\Chap1</Filter>
    </ClInclude>
    <ClInclude Include="Test01_2.h">
      <Filter>헤더 파일\Chap1</Filter>
    </ClInclude>
    <ClInclude Include="Test01_3.h">
      <Filter>헤더 파일\Chap1</Filter>
    </ClInclude>
    <ClInclude Include="Test02_3.h">
      <Filter>헤더 파일\Chap2</Filter>
    </ClInclude>
    <ClInclude Include="Test02_4.h">
      <Filter>헤더 파일\Chap2</Filter>
    </ClInclude>
    <ClInclude Include="Test03_1.h">
      <Filter>헤더 파일\Chap3</Filter>
    </ClInclude>
    <ClInclude Include="Test03_2.h">
      <Filter>헤더 파일\Chap3</Filter>
    </ClInclude>
    <ClInclude Include="Test04_2.h">
      <Filter>헤더 파일\Chap4</Filter>
    </ClInclude>
    <ClInclude Include="Test04_3.h">
      <Filter>헤더 파일\Chap4</Filter>
    </ClInclude>
    <ClInclude Include="Test05_1.h">
      <Filter>헤더 파일\Chap5</Filter>
    </ClInclude>
    <ClInclude Include="Test07_1.h">
      <Filter>헤더 파일\Chap7</Filter>
    </ClInclude>
    <ClInclude Include="Test07_2.h">
      <Filter>헤더 파일\Chap7</Filter>
    </ClInclude>
    <ClInclude Include="Test08_1.h">
      <Filter>헤더 파일\Chap8</Filter>
    </ClInclude>
    <ClInclude Include="Test10_1.h">
      <Filter>헤더 파일\Chap10</Filter>
    </ClInclude>
    <ClInclude Include="Test10_2.h">
      <Filter>헤더 파일\Chap10</Filter>
    </ClInclude>
    <ClInclude Include="Test11_1.h">
      <Filter>헤더 파일\Chap11</Filter>
    </ClInclude>
    <ClInclude Include="Test11_2.h">
      <Filter>헤더 파일\Chap11</Filter>
    </ClInclude>
    <ClInclude Include="String.h">
      <Filter>헤더 파일\Chap12</Filter>
    </ClInclude>
    <ClInclude Include="Test13_1.h">
      <Filter>헤더 파일\Chap13</Filter>
    </ClInclude>
    <ClInclude Include="Test13_2.h">
      <Filter>헤더 파일\Chap13</Filter>
    </ClInclude>
  </ItemGroup>
</Project>